{
  "name": "connected-blocks",
  "version": "1.0.0",
  "lockfileVersion": 2,
  "requires": true,
  "packages": {
    "": {
      "name": "connected-blocks",
      "version": "1.0.0",
      "license": "ISC",
      "dependencies": {
        "esbuild": "^0.11.16",
        "highlight.js": "^11.5.1"
      }
    },
    "node_modules/esbuild": {
      "version": "0.11.16",
      "resolved": "https://registry.npmjs.org/esbuild/-/esbuild-0.11.16.tgz",
      "integrity": "sha512-34ZWjo4ouvM5cDe7uRoM9GFuMyEmpH9fnVYmomvS1cq9ED9d/0ZG1r+p4P2VbX7ihjv36zA2SWTmP8Zmt/EANA==",
      "hasInstallScript": true,
      "bin": {
        "esbuild": "bin/esbuild"
      }
    },
    "node_modules/highlight.js": {
      "version": "11.5.1",
      "resolved": "https://registry.npmjs.org/highlight.js/-/highlight.js-11.5.1.tgz",
      "integrity": "sha512-LKzHqnxr4CrD2YsNoIf/o5nJ09j4yi/GcH5BnYz9UnVpZdS4ucMgvP61TDty5xJcFGRjnH4DpujkS9bHT3hq0Q==",
      "engines": {
        "node": ">=12.0.0"
      }
    }
  },
  "dependencies": {
    "esbuild": {
      "version": "0.11.16",
      "resolved": "https://registry.npmjs.org/esbuild/-/esbuild-0.11.16.tgz",
      "integrity": "sha512-34ZWjo4ouvM5cDe7uRoM9GFuMyEmpH9fnVYmomvS1cq9ED9d/0ZG1r+p4P2VbX7ihjv36zA2SWTmP8Zmt/EANA=="
    },
    "highlight.js": {
      "version": "11.5.1",
      "resolved": "https://registry.npmjs.org/highlight.js/-/highlight.js-11.5.1.tgz",
      "integrity": "sha512-LKzHqnxr4CrD2YsNoIf/o5nJ09j4yi/GcH5BnYz9UnVpZdS4ucMgvP61TDty5xJcFGRjnH4DpujkS9bHT3hq0Q=="
    }
  }
}
